
Microsoft Visual Studio Solution File, Format Version 12.00
# Visual Studio 15
VisualStudioVersion = 15.0.27703.2035
MinimumVisualStudioVersion = 10.0.40219.1
Project("{9A19103F-16F7-4668-BE54-9A1E7A4F7556}") = "MyNeuralNetwork", "..\MyNeuralNetwork\MyNeuralNetwork.csproj", "{A5342F19-B4F7-4C61-9E07-F61E3AEAE904}"
EndProject
Project("{9A19103F-16F7-4668-BE54-9A1E7A4F7556}") = "MyNeuralNetwork.Console", "..\MyNeuralNetwork.Console\MyNeuralNetwork.Console.csproj", "{81E61768-9039-4C21-8F32-12470001E53D}"
EndProject
Project("{9A19103F-16F7-4668-BE54-9A1E7A4F7556}") = "MyNeuralNetwork.Tests", "..\MyNeuralNetwork.Tests\MyNeuralNetwork.Tests.csproj", "{799EA236-8021-4B37-A35E-B0AE6F10EB17}"
EndProject
Project("{FAE04EC0-301F-11D3-BF4B-00C04F79EFBC}") = "NeuralNet", "..\NeuralNetwork\NeuralNet.csproj", "{0CB8512A-78A0-46BC-9B06-FBBDB309D6B8}"
EndProject
Project("{FAE04EC0-301F-11D3-BF4B-00C04F79EFBC}") = "Transpilation", "Transpilation\Transpilation.csproj", "{B86673C7-0DBE-4419-AFF2-2941C9576F07}"
EndProject
Global
	GlobalSection(SolutionConfigurationPlatforms) = preSolution
		Debug|Any CPU = Debug|Any CPU
		Release|Any CPU = Release|Any CPU
	EndGlobalSection
	GlobalSection(ProjectConfigurationPlatforms) = postSolution
		{A5342F19-B4F7-4C61-9E07-F61E3AEAE904}.Debug|Any CPU.ActiveCfg = Debug|Any CPU
		{A5342F19-B4F7-4C61-9E07-F61E3AEAE904}.Debug|Any CPU.Build.0 = Debug|Any CPU
		{A5342F19-B4F7-4C61-9E07-F61E3AEAE904}.Release|Any CPU.ActiveCfg = Release|Any CPU
		{A5342F19-B4F7-4C61-9E07-F61E3AEAE904}.Release|Any CPU.Build.0 = Release|Any CPU
		{81E61768-9039-4C21-8F32-12470001E53D}.Debug|Any CPU.ActiveCfg = Debug|Any CPU
		{81E61768-9039-4C21-8F32-12470001E53D}.Debug|Any CPU.Build.0 = Debug|Any CPU
		{81E61768-9039-4C21-8F32-12470001E53D}.Release|Any CPU.ActiveCfg = Release|Any CPU
		{81E61768-9039-4C21-8F32-12470001E53D}.Release|Any CPU.Build.0 = Release|Any CPU
		{799EA236-8021-4B37-A35E-B0AE6F10EB17}.Debug|Any CPU.ActiveCfg = Debug|Any CPU
		{799EA236-8021-4B37-A35E-B0AE6F10EB17}.Debug|Any CPU.Build.0 = Debug|Any CPU
		{799EA236-8021-4B37-A35E-B0AE6F10EB17}.Release|Any CPU.ActiveCfg = Release|Any CPU
		{799EA236-8021-4B37-A35E-B0AE6F10EB17}.Release|Any CPU.Build.0 = Release|Any CPU
		{0CB8512A-78A0-46BC-9B06-FBBDB309D6B8}.Debug|Any CPU.ActiveCfg = Debug|Any CPU
		{0CB8512A-78A0-46BC-9B06-FBBDB309D6B8}.Debug|Any CPU.Build.0 = Debug|Any CPU
		{0CB8512A-78A0-46BC-9B06-FBBDB309D6B8}.Release|Any CPU.ActiveCfg = Release|Any CPU
		{0CB8512A-78A0-46BC-9B06-FBBDB309D6B8}.Release|Any CPU.Build.0 = Release|Any CPU
		{B86673C7-0DBE-4419-AFF2-2941C9576F07}.Debug|Any CPU.ActiveCfg = Debug|Any CPU
		{B86673C7-0DBE-4419-AFF2-2941C9576F07}.Debug|Any CPU.Build.0 = Debug|Any CPU
		{B86673C7-0DBE-4419-AFF2-2941C9576F07}.Release|Any CPU.ActiveCfg = Release|Any CPU
		{B86673C7-0DBE-4419-AFF2-2941C9576F07}.Release|Any CPU.Build.0 = Release|Any CPU
	EndGlobalSection
	GlobalSection(SolutionProperties) = preSolution
		HideSolutionNode = FALSE
	EndGlobalSection
	GlobalSection(ExtensibilityGlobals) = postSolution
		SolutionGuid = {EA1ACB4D-D560-4170-8656-C54F53A638AE}
	EndGlobalSection
EndGlobal
